
Microsoft Visual Studio Solution File, Format Version 12.00
# Visual Studio Version 17
VisualStudioVersion = 17.4.33205.214
MinimumVisualStudioVersion = 10.0.40219.1
Project("{FAE04EC0-301F-11D3-BF4B-00C04F79EFBC}") = "project_final", "project_final\project_final.csproj", "{3F9A2110-2B57-48B4-9EE7-3FD53A900538}"
EndProject
Global
	GlobalSection(SolutionConfigurationPlatforms) = preSolution
		Debug|Any CPU = Debug|Any CPU
		Release|Any CPU = Release|Any CPU
	EndGlobalSection
	GlobalSection(ProjectConfigurationPlatforms) = postSolution
		{3F9A2110-2B57-48B4-9EE7-3FD53A900538}.Debug|Any CPU.ActiveCfg = Debug|Any CPU
		{3F9A2110-2B57-48B4-9EE7-3FD53A900538}.Debug|Any CPU.Build.0 = Debug|Any CPU
		{3F9A2110-2B57-48B4-9EE7-3FD53A900538}.Release|Any CPU.ActiveCfg = Release|Any CPU
		{3F9A2110-2B57-48B4-9EE7-3FD53A900538}.Release|Any CPU.Build.0 = Release|Any CPU
	EndGlobalSection
	GlobalSection(SolutionProperties) = preSolution
		HideSolutionNode = FALSE
	EndGlobalSection
	GlobalSection(ExtensibilityGlobals) = postSolution
		SolutionGuid = {5F71F2C2-CAD8-47C2-8A40-5590318BFC5E}
	EndGlobalSection
EndGlobal
